// !$*UTF8*$!
{
	archiveVersion = 1;
	classes = {
	};
	objectVersion = 56;
	objects = {

/* Begin PBXBuildFile section */
		CD10FBAE2984DA190071A556 /* CardViewController.swift in Sources */ = {isa = PBXBuildFile; fileRef = CD10FBAD2984DA190071A556 /* CardViewController.swift */; };
		CD24BDDF2973BFD300A825C0 /* AppDelegate.swift in Sources */ = {isa = PBXBuildFile; fileRef = CD24BDDE2973BFD300A825C0 /* AppDelegate.swift */; };
		CD24BDE12973BFD300A825C0 /* SceneDelegate.swift in Sources */ = {isa = PBXBuildFile; fileRef = CD24BDE02973BFD300A825C0 /* SceneDelegate.swift */; };
		CD24BDE32973BFD300A825C0 /* ViewController.swift in Sources */ = {isa = PBXBuildFile; fileRef = CD24BDE22973BFD300A825C0 /* ViewController.swift */; };
		CD24BDE62973BFD300A825C0 /* Main.storyboard in Resources */ = {isa = PBXBuildFile; fileRef = CD24BDE42973BFD300A825C0 /* Main.storyboard */; };
		CD24BDE82973BFD500A825C0 /* Assets.xcassets in Resources */ = {isa = PBXBuildFile; fileRef = CD24BDE72973BFD500A825C0 /* Assets.xcassets */; };
		CD24BDEB2973BFD500A825C0 /* LaunchScreen.storyboard in Resources */ = {isa = PBXBuildFile; fileRef = CD24BDE92973BFD500A825C0 /* LaunchScreen.storyboard */; };
		CD9ACE78298428FE0071D0E9 /* tabCViewController.swift in Sources */ = {isa = PBXBuildFile; fileRef = CD9ACE77298428FE0071D0E9 /* tabCViewController.swift */; };
/* End PBXBuildFile section */

/* Begin PBXFileReference section */
		CD10FBAD2984DA190071A556 /* CardViewController.swift */ = {isa = PBXFileReference; lastKnownFileType = sourcecode.swift; path = CardViewController.swift; sourceTree = "<group>"; };
		CD24BDDB2973BFD300A825C0 /* component.app */ = {isa = PBXFileReference; explicitFileType = wrapper.application; includeInIndex = 0; path = component.app; sourceTree = BUILT_PRODUCTS_DIR; };
		CD24BDDE2973BFD300A825C0 /* AppDelegate.swift */ = {isa = PBXFileReference; lastKnownFileType = sourcecode.swift; path = AppDelegate.swift; sourceTree = "<group>"; };
		CD24BDE02973BFD300A825C0 /* SceneDelegate.swift */ = {isa = PBXFileReference; lastKnownFileType = sourcecode.swift; path = SceneDelegate.swift; sourceTree = "<group>"; };
		CD24BDE22973BFD300A825C0 /* ViewController.swift */ = {isa = PBXFileReference; lastKnownFileType = sourcecode.swift; path = ViewController.swift; sourceTree = "<group>"; };
		CD24BDE52973BFD300A825C0 /* Base */ = {isa = PBXFileReference; lastKnownFileType = file.storyboard; name = Base; path = Base.lproj/Main.storyboard; sourceTree = "<group>"; };
		CD24BDE72973BFD500A825C0 /* Assets.xcassets */ = {isa = PBXFileReference; lastKnownFileType = folder.assetcatalog; path = Assets.xcassets; sourceTree = "<group>"; };
		CD24BDEA2973BFD500A825C0 /* Base */ = {isa = PBXFileReference; lastKnownFileType = file.storyboard; name = Base; path = Base.lproj/LaunchScreen.storyboard; sourceTree = "<group>"; };
		CD24BDEC2973BFD500A825C0 /* Info.plist */ = {isa = PBXFileReference; lastKnownFileType = text.plist.xml; path = Info.plist; sourceTree = "<group>"; };
		CD9ACE77298428FE0071D0E9 /* tabCViewController.swift */ = {isa = PBXFileReference; lastKnownFileType = sourcecode.swift; path = tabCViewController.swift; sourceTree = "<group>"; };
/* End PBXFileReference section */

/* Begin PBXFrameworksBuildPhase section */
		CD24BDD82973BFD300A825C0 /* Frameworks */ = {
			isa = PBXFrameworksBuildPhase;
			buildActionMask = 2147483647;
			files = (
			);
			runOnlyForDeploymentPostprocessing = 0;
		};
/* End PBXFrameworksBuildPhase section */

/* Begin PBXGroup section */
		CD24BDD22973BFD300A825C0 = {
			isa = PBXGroup;
			children = (
				CD24BDDD2973BFD300A825C0 /* component */,
				CD24BDDC2973BFD300A825C0 /* Products */,
			);
			sourceTree = "<group>";
		};
		CD24BDDC2973BFD300A825C0 /* Products */ = {
			isa = PBXGroup;
			children = (
				CD24BDDB2973BFD300A825C0 /* component.app */,
			);
			name = Products;
			sourceTree = "<group>";
		};
		CD24BDDD2973BFD300A825C0 /* component */ = {
			isa = PBXGroup;
			children = (
				CD24BDDE2973BFD300A825C0 /* AppDelegate.swift */,
				CD24BDE02973BFD300A825C0 /* SceneDelegate.swift */,
				CD24BDE22973BFD300A825C0 /* ViewController.swift */,
				CD24BDE42973BFD300A825C0 /* Main.storyboard */,
				CD24BDE72973BFD500A825C0 /* Assets.xcassets */,
				CD24BDE92973BFD500A825C0 /* LaunchScreen.storyboard */,
				CD24BDEC2973BFD500A825C0 /* Info.plist */,
				CD9ACE77298428FE0071D0E9 /* tabCViewController.swift */,
				CD10FBAD2984DA190071A556 /* CardViewController.swift */,
			);
			path = component;
			sourceTree = "<group>";
		};
/* End PBXGroup section */

/* Begin PBXNativeTarget section */
		CD24BDDA2973BFD300A825C0 /* component */ = {
			isa = PBXNativeTarget;
			buildConfigurationList = CD24BDEF2973BFD500A825C0 /* Build configuration list for PBXNativeTarget "component" */;
			buildPhases = (
				CD24BDD72973BFD300A825C0 /* Sources */,
				CD24BDD82973BFD300A825C0 /* Frameworks */,
				CD24BDD92973BFD300A825C0 /* Resources */,
			);
			buildRules = (
			);
			dependencies = (
			);
			name = component;
			productName = component;
			productReference = CD24BDDB2973BFD300A825C0 /* component.app */;
			productType = "com.apple.product-type.application";
		};
/* End PBXNativeTarget section */

/* Begin PBXProject section */
		CD24BDD32973BFD300A825C0 /* Project object */ = {
			isa = PBXProject;
			attributes = {
				BuildIndependentTargetsInParallel = 1;
				LastSwiftUpdateCheck = 1420;
				LastUpgradeCheck = 1420;
				TargetAttributes = {
					CD24BDDA2973BFD300A825C0 = {
						CreatedOnToolsVersion = 14.2;
					};
				};
			};
			buildConfigurationList = CD24BDD62973BFD300A825C0 /* Build configuration list for PBXProject "component" */;
			compatibilityVersion = "Xcode 14.0";
			developmentRegion = en;
			hasScannedForEncodings = 0;
			knownRegions = (
				en,
				Base,
			);
			mainGroup = CD24BDD22973BFD300A825C0;
			productRefGroup = CD24BDDC2973BFD300A825C0 /* Products */;
			projectDirPath = "";
			projectRoot = "";
			targets = (
				CD24BDDA2973BFD300A825C0 /* component */,
			);
		};
/* End PBXProject section */

/* Begin PBXResourcesBuildPhase section */
		CD24BDD92973BFD300A825C0 /* Resources */ = {
			isa = PBXResourcesBuildPhase;
			buildActionMask = 2147483647;
			files = (
				CD24BDEB2973BFD500A825C0 /* LaunchScreen.storyboard in Resources */,
				CD24BDE82973BFD500A825C0 /* Assets.xcassets in Resources */,
				CD24BDE62973BFD300A825C0 /* Main.storyboard in Resources */,
			);
			runOnlyForDeploymentPostprocessing = 0;
		};
/* End PBXResourcesBuildPhase section */

/* Begin PBXSourcesBuildPhase section */
		CD24BDD72973BFD300A825C0 /* Sources */ = {
			isa = PBXSourcesBuildPhase;
			buildActionMask = 2147483647;
			files = (
				CD9ACE78298428FE0071D0E9 /* tabCViewController.swift in Sources */,
				CD24BDE32973BFD300A825C0 /* ViewController.swift in Sources */,
				CD24BDDF2973BFD300A825C0 /* AppDelegate.swift in Sources */,
				CD10FBAE2984DA190071A556 /* CardViewController.swift in Sources */,
				CD24BDE12973BFD300A825C0 /* SceneDelegate.swift in Sources */,
			);
			runOnlyForDeploymentPostprocessing = 0;
		};
/* End PBXSourcesBuildPhase section */

/* Begin PBXVariantGroup section */
		CD24BDE42973BFD300A825C0 /* Main.storyboard */ = {
			isa = PBXVariantGroup;
			children = (
				CD24BDE52973BFD300A825C0 /* Base */,
			);
			name = Main.storyboard;
			sourceTree = "<group>";
		};
		CD24BDE92973BFD500A825C0 /* LaunchScreen.storyboard */ = {
			isa = PBXVariantGroup;
			children = (
				CD24BDEA2973BFD500A825C0 /* Base */,
			);
			name = LaunchScreen.storyboard;
			sourceTree = "<group>";
		};
/* End PBXVariantGroup section */

/* Begin XCBuildConfiguration section */
		CD24BDED2973BFD500A825C0 /* Debug */ = {
			isa = XCBuildConfiguration;
			buildSettings = {
				ALWAYS_SEARCH_USER_PATHS = NO;
				CLANG_ANALYZER_NONNULL = YES;
				CLANG_ANALYZER_NUMBER_OBJECT_CONVERSION = YES_AGGRESSIVE;
				CLANG_CXX_LANGUAGE_STANDARD = "gnu++20";
				CLANG_ENABLE_MODULES = YES;
				CLANG_ENABLE_OBJC_ARC = YES;
				CLANG_ENABLE_OBJC_WEAK = YES;
				CLANG_WARN_BLOCK_CAPTURE_AUTORELEASING = YES;
				CLANG_WARN_BOOL_CONVERSION = YES;
				CLANG_WARN_COMMA = YES;
				CLANG_WARN_CONSTANT_CONVERSION = YES;
				CLANG_WARN_DEPRECATED_OBJC_IMPLEMENTATIONS = YES;
				CLANG_WARN_DIRECT_OBJC_ISA_USAGE = YES_ERROR;
				CLANG_WARN_DOCUMENTATION_COMMENTS = YES;
				CLANG_WARN_EMPTY_BODY = YES;
				CLANG_WARN_ENUM_CONVERSION = YES;
				CLANG_WARN_INFINITE_RECURSION = YES;
				CLANG_WARN_INT_CONVERSION = YES;
				CLANG_WARN_NON_LITERAL_NULL_CONVERSION = YES;
				CLANG_WARN_OBJC_IMPLICIT_RETAIN_SELF = YES;
				CLANG_WARN_OBJC_LITERAL_CONVERSION = YES;
				CLANG_WARN_OBJC_ROOT_CLASS = YES_ERROR;
				CLANG_WARN_QUOTED_INCLUDE_IN_FRAMEWORK_HEADER = YES;
				CLANG_WARN_RANGE_LOOP_ANALYSIS = YES;
				CLANG_WARN_STRICT_PROTOTYPES = YES;
				CLANG_WARN_SUSPICIOUS_MOVE = YES;
				CLANG_WARN_UNGUARDED_AVAILABILITY = YES_AGGRESSIVE;
				CLANG_WARN_UNREACHABLE_CODE = YES;
				CLANG_WARN__DUPLICATE_METHOD_MATCH = YES;
				COPY_PHASE_STRIP = NO;
				DEBUG_INFORMATION_FORMAT = dwarf;
				ENABLE_STRICT_OBJC_MSGSEND = YES;
				ENABLE_TESTABILITY = YES;
				GCC_C_LANGUAGE_STANDARD = gnu11;
				GCC_DYNAMIC_NO_PIC = NO;
				GCC_NO_COMMON_BLOCKS = YES;
				GCC_OPTIMIZATION_LEVEL = 0;
				GCC_PREPROCESSOR_DEFINITIONS = (
					"DEBUG=1",
					"$(inherited)",
				);
				GCC_WARN_64_TO_32_BIT_CONVERSION = YES;
				GCC_WARN_ABOUT_RETURN_TYPE = YES_ERROR;
				GCC_WARN_UNDECLARED_SELECTOR = YES;
				GCC_WARN_UNINITIALIZED_AUTOS = YES_AGGRESSIVE;
				GCC_WARN_UNUSED_FUNCTION = YES;
				GCC_WARN_UNUSED_VARIABLE = YES;
				IPHONEOS_DEPLOYMENT_TARGET = 16.2;
				MTL_ENABLE_DEBUG_INFO = INCLUDE_SOURCE;
				MTL_FAST_MATH = YES;
				ONLY_ACTIVE_ARCH = YES;
				SDKROOT = iphoneos;
				SWIFT_ACTIVE_COMPILATION_CONDITIONS = DEBUG;
				SWIFT_OPTIMIZATION_LEVEL = "-Onone";
			};
			name = Debug;
		};
		CD24BDEE2973BFD500A825C0 /* Release */ = {
			isa = XCBuildConfiguration;
			buildSettings = {
				ALWAYS_SEARCH_USER_PATHS = NO;
				CLANG_ANALYZER_NONNULL = YES;
				CLANG_ANALYZER_NUMBER_OBJECT_CONVERSION = YES_AGGRESSIVE;
				CLANG_CXX_LANGUAGE_STANDARD = "gnu++20";
				CLANG_ENABLE_MODULES = YES;
				CLANG_ENABLE_OBJC_ARC = YES;
				CLANG_ENABLE_OBJC_WEAK = YES;
				CLANG_WARN_BLOCK_CAPTURE_AUTORELEASING = YES;
				CLANG_WARN_BOOL_CONVERSION = YES;
				CLANG_WARN_COMMA = YES;
				CLANG_WARN_CONSTANT_CONVERSION = YES;
				CLANG_WARN_DEPRECATED_OBJC_IMPLEMENTATIONS = YES;
				CLANG_WARN_DIRECT_OBJC_ISA_USAGE = YES_ERROR;
				CLANG_WARN_DOCUMENTATION_COMMENTS = YES;
				CLANG_WARN_EMPTY_BODY = YES;
				CLANG_WARN_ENUM_CONVERSION = YES;
				CLANG_WARN_INFINITE_RECURSION = YES;
				CLANG_WARN_INT_CONVERSION = YES;
				CLANG_WARN_NON_LITERAL_NULL_CONVERSION = YES;
				CLANG_WARN_OBJC_IMPLICIT_RETAIN_SELF = YES;
				CLANG_WARN_OBJC_LITERAL_CONVERSION = YES;
				CLANG_WARN_OBJC_ROOT_CLASS = YES_ERROR;
				CLANG_WARN_QUOTED_INCLUDE_IN_FRAMEWORK_HEADER = YES;
				CLANG_WARN_RANGE_LOOP_ANALYSIS = YES;
				CLANG_WARN_STRICT_PROTOTYPES = YES;
				CLANG_WARN_SUSPICIOUS_MOVE = YES;
				CLANG_WARN_UNGUARDED_AVAILABILITY = YES_AGGRESSIVE;
				CLANG_WARN_UNREACHABLE_CODE = YES;
				CLANG_WARN__DUPLICATE_METHOD_MATCH = YES;
				COPY_PHASE_STRIP = NO;
				DEBUG_INFORMATION_FORMAT = "dwarf-with-dsym";
				ENABLE_NS_ASSERTIONS = NO;
				ENABLE_STRICT_OBJC_MSGSEND = YES;
				GCC_C_LANGUAGE_STANDARD = gnu11;
				GCC_NO_COMMON_BLOCKS = YES;
				GCC_WARN_64_TO_32_BIT_CONVERSION = YES;
				GCC_WARN_ABOUT_RETURN_TYPE = YES_ERROR;
				GCC_WARN_UNDECLARED_SELECTOR = YES;
				GCC_WARN_UNINITIALIZED_AUTOS = YES_AGGRESSIVE;
				GCC_WARN_UNUSED_FUNCTION = YES;
				GCC_WARN_UNUSED_VARIABLE = YES;
				IPHONEOS_DEPLOYMENT_TARGET = 16.2;
				MTL_ENABLE_DEBUG_INFO = NO;
				MTL_FAST_MATH = YES;
				SDKROOT = iphoneos;
				SWIFT_COMPILATION_MODE = wholemodule;
				SWIFT_OPTIMIZATION_LEVEL = "-O";
				VALIDATE_PRODUCT = YES;
			};
			name = Release;
		};
		CD24BDF02973BFD500A825C0 /* Debug */ = {
			isa = XCBuildConfiguration;
			buildSettings = {
				ASSETCATALOG_COMPILER_APPICON_NAME = AppIcon;
				ASSETCATALOG_COMPILER_GLOBAL_ACCENT_COLOR_NAME = AccentColor;
				CODE_SIGN_STYLE = Automatic;
				CURRENT_PROJECT_VERSION = 1;
				DEVELOPMENT_TEAM = 275X3U2QN9;
				GENERATE_INFOPLIST_FILE = YES;
				INFOPLIST_FILE = component/Info.plist;
				INFOPLIST_KEY_UIApplicationSupportsIndirectInputEvents = YES;
				INFOPLIST_KEY_UILaunchStoryboardName = LaunchScreen;
				INFOPLIST_KEY_UIMainStoryboardFile = Main;
				INFOPLIST_KEY_UISupportedInterfaceOrientations_iPad = "UIInterfaceOrientationPortrait UIInterfaceOrientationPortraitUpsideDown UIInterfaceOrientationLandscapeLeft UIInterfaceOrientationLandscapeRight";
				INFOPLIST_KEY_UISupportedInterfaceOrientations_iPhone = "UIInterfaceOrientationPortrait UIInterfaceOrientationLandscapeLeft UIInterfaceOrientationLandscapeRight";
				LD_RUNPATH_SEARCH_PATHS = (
					"$(inherited)",
					"@executable_path/Frameworks",
				);
				MARKETING_VERSION = 1.0;
				PRODUCT_BUNDLE_IDENTIFIER = com.start4tec.component;
				PRODUCT_NAME = "$(TARGET_NAME)";
				SWIFT_EMIT_LOC_STRINGS = YES;
				SWIFT_VERSION = 5.0;
				TARGETED_DEVICE_FAMILY = "1,2";
			};
			name = Debug;
		};
		CD24BDF12973BFD500A825C0 /* Release */ = {
			isa = XCBuildConfiguration;
			buildSettings = {
				ASSETCATALOG_COMPILER_APPICON_NAME = AppIcon;
				ASSETCATALOG_COMPILER_GLOBAL_ACCENT_COLOR_NAME = AccentColor;
				CODE_SIGN_STYLE = Automatic;
				CURRENT_PROJECT_VERSION = 1;
				DEVELOPMENT_TEAM = 275X3U2QN9;
				GENERATE_INFOPLIST_FILE = YES;
				INFOPLIST_FILE = component/Info.plist;
				INFOPLIST_KEY_UIApplicationSupportsIndirectInputEvents = YES;
				INFOPLIST_KEY_UILaunchStoryboardName = LaunchScreen;
				INFOPLIST_KEY_UIMainStoryboardFile = Main;
				INFOPLIST_KEY_UISupportedInterfaceOrientations_iPad = "UIInterfaceOrientationPortrait UIInterfaceOrientationPortraitUpsideDown UIInterfaceOrientationLandscapeLeft UIInterfaceOrientationLandscapeRight";
				INFOPLIST_KEY_UISupportedInterfaceOrientations_iPhone = "UIInterfaceOrientationPortrait UIInterfaceOrientationLandscapeLeft UIInterfaceOrientationLandscapeRight";
				LD_RUNPATH_SEARCH_PATHS = (
					"$(inherited)",
					"@executable_path/Frameworks",
				);
				MARKETING_VERSION = 1.0;
				PRODUCT_BUNDLE_IDENTIFIER = com.start4tec.component;
				PRODUCT_NAME = "$(TARGET_NAME)";
				SWIFT_EMIT_LOC_STRINGS = YES;
				SWIFT_VERSION = 5.0;
				TARGETED_DEVICE_FAMILY = "1,2";
			};
			name = Release;
		};
/* End XCBuildConfiguration section */

/* Begin XCConfigurationList section */
		CD24BDD62973BFD300A825C0 /* Build configuration list for PBXProject "component" */ = {
			isa = XCConfigurationList;
			buildConfigurations = (
				CD24BDED2973BFD500A825C0 /* Debug */,
				CD24BDEE2973BFD500A825C0 /* Release */,
			);
			defaultConfigurationIsVisible = 0;
			defaultConfigurationName = Release;
		};
		CD24BDEF2973BFD500A825C0 /* Build configuration list for PBXNativeTarget "component" */ = {
			isa = XCConfigurationList;
			buildConfigurations = (
				CD24BDF02973BFD500A825C0 /* Debug */,
				CD24BDF12973BFD500A825C0 /* Release */,
			);
			defaultConfigurationIsVisible = 0;
			defaultConfigurationName = Release;
		};
/* End XCConfigurationList section */
	};
	rootObject = CD24BDD32973BFD300A825C0 /* Project object */;
}
